{
  "name": "testing",
  "version": "1.0.0",
  "lockfileVersion": 3,
  "requires": true,
  "packages": {
    "": {
      "name": "testing",
      "version": "1.0.0",
      "license": "ISC",
      "dependencies": {
        "solid-barnacle-sdk-test": "file:.."
      }
    },
    "..": {
      "version": "1.0.0",
      "license": "ISC",
      "devDependencies": {
        "@eslint/js": "^9.0.0",
        "eslint": "^8.57.0",
        "eslint-config-prettier": "^9.1.0",
        "eslint-plugin-prettier": "^5.1.3",
        "globals": "^15.0.0",
        "prettier": "^3.2.5",
        "typescript": "^5.4.4",
        "typescript-eslint": "^7.5.0"
      }
    },
    "node_modules/solid-barnacle-sdk-test": {
      "resolved": "..",
      "link": true
    }
  }
}
